
Microsoft Visual Studio Solution File, Format Version 12.00
# Visual Studio Version 16
VisualStudioVersion = 16.0.32929.386
MinimumVisualStudioVersion = 10.0.40219.1
Project("{8BC9CEB8-8B4A-11D0-8D11-00A0C91BC942}") = "CudaRayTracing", "CudaRayTracing\CudaRayTracing.vcxproj", "{6F50B992-9395-47D0-916B-729473041F37}"
EndProject
Global
	GlobalSection(SolutionConfigurationPlatforms) = preSolution
		Debug|x64 = Debug|x64
		Develop|x64 = Develop|x64
		Release|x64 = Release|x64
	EndGlobalSection
	GlobalSection(ProjectConfigurationPlatforms) = postSolution
		{6F50B992-9395-47D0-916B-729473041F37}.Debug|x64.ActiveCfg = Debug|x64
		{6F50B992-9395-47D0-916B-729473041F37}.Debug|x64.Build.0 = Debug|x64
		{6F50B992-9395-47D0-916B-729473041F37}.Develop|x64.ActiveCfg = Develop|x64
		{6F50B992-9395-47D0-916B-729473041F37}.Develop|x64.Build.0 = Develop|x64
		{6F50B992-9395-47D0-916B-729473041F37}.Release|x64.ActiveCfg = Release|x64
		{6F50B992-9395-47D0-916B-729473041F37}.Release|x64.Build.0 = Release|x64
	EndGlobalSection
	GlobalSection(SolutionProperties) = preSolution
		HideSolutionNode = FALSE
	EndGlobalSection
	GlobalSection(ExtensibilityGlobals) = postSolution
		SolutionGuid = {6192DF4B-F5E5-48B5-B9D5-4941741B9332}
	EndGlobalSection
EndGlobal
